{
  "name": "AffiniScore-Project",
  "lockfileVersion": 3,
  "requires": true,
  "packages": {
    "": {
      "dependencies": {
        "@capacitor/push-notifications": "^8.0.4"
      }
    },
    "node_modules/@capacitor/core": {
      "version": "8.3.4",
      "resolved": "https://registry.npmjs.org/@capacitor/core/-/core-8.3.4.tgz",
      "integrity": "sha512-CqRQCkb6HXxcx/N7s+hHTN6ef2CmamFiRMITwm4qB840ph56mS42bzUgn6tKCP+RZjdDweiRHj9ytDDeN6jFag==",
      "license": "MIT",
      "peer": true,
      "dependencies": {
        "tslib": "^2.1.0"
      }
    },
    "node_modules/@capacitor/push-notifications": {
      "version": "8.0.4",
      "resolved": "https://registry.npmjs.org/@capacitor/push-notifications/-/push-notifications-8.0.4.tgz",
      "integrity": "sha512-14ZWKik9ExTu65AZ9+o7+k05uEOaTstuYv6lLq1Bobip+SC5AOwciSICYLALgTTKN2jEDTRoigFAEixmVEJp/w==",
      "license": "MIT",
      "peerDependencies": {
        "@capacitor/core": ">=8.0.0"
      }
    },
    "node_modules/tslib": {
      "version": "2.8.1",
      "resolved": "https://registry.npmjs.org/tslib/-/tslib-2.8.1.tgz",
      "integrity": "sha512-oJFu94HQb+KVduSUQL7wnpmqnfmLsOA/nAh6b6EH0wCEoK0/mPeXU6c3wKDV83MkOuHPRHtSXKKU99IBazS/2w==",
      "license": "0BSD",
      "peer": true
    }
  }
}
